// !$*UTF8*$!
{
	archiveVersion = 1;
	classes = {
	};
	objectVersion = 56;
	objects = {

/* Begin PBXBuildFile section */
		D205B8932C2BF1E2002144D9 /* socialmediaApp.swift in Sources */ = {isa = PBXBuildFile; fileRef = D205B8922C2BF1E2002144D9 /* socialmediaApp.swift */; };
		D205B8952C2BF1E2002144D9 /* ContentView.swift in Sources */ = {isa = PBXBuildFile; fileRef = D205B8942C2BF1E2002144D9 /* ContentView.swift */; };
		D205B8972C2BF1E6002144D9 /* Assets.xcassets in Resources */ = {isa = PBXBuildFile; fileRef = D205B8962C2BF1E6002144D9 /* Assets.xcassets */; };
		D205B89A2C2BF1E6002144D9 /* Preview Assets.xcassets in Resources */ = {isa = PBXBuildFile; fileRef = D205B8992C2BF1E6002144D9 /* Preview Assets.xcassets */; };
		D2484D2C2C2CA1FA00BC2033 /* InfoUserData.swift in Sources */ = {isa = PBXBuildFile; fileRef = D2484D2B2C2CA1FA00BC2033 /* InfoUserData.swift */; };
		D2484D2E2C2CA45100BC2033 /* IconUserData.swift in Sources */ = {isa = PBXBuildFile; fileRef = D2484D2D2C2CA45100BC2033 /* IconUserData.swift */; };
		D2484D302C2CA5B900BC2033 /* ImageUserData.swift in Sources */ = {isa = PBXBuildFile; fileRef = D2484D2F2C2CA5B900BC2033 /* ImageUserData.swift */; };
		D2484D322C2CA61000BC2033 /* BioUserData.swift in Sources */ = {isa = PBXBuildFile; fileRef = D2484D312C2CA61000BC2033 /* BioUserData.swift */; };
		D2484D342C2CAA7100BC2033 /* FollowUserButton.swift in Sources */ = {isa = PBXBuildFile; fileRef = D2484D332C2CAA7100BC2033 /* FollowUserButton.swift */; };
		D2484D362C2CAB2500BC2033 /* AboutUserData.swift in Sources */ = {isa = PBXBuildFile; fileRef = D2484D352C2CAB2500BC2033 /* AboutUserData.swift */; };
/* End PBXBuildFile section */

/* Begin PBXFileReference section */
		D205B88F2C2BF1E2002144D9 /* socialmedia.app */ = {isa = PBXFileReference; explicitFileType = wrapper.application; includeInIndex = 0; path = socialmedia.app; sourceTree = BUILT_PRODUCTS_DIR; };
		D205B8922C2BF1E2002144D9 /* socialmediaApp.swift */ = {isa = PBXFileReference; lastKnownFileType = sourcecode.swift; path = socialmediaApp.swift; sourceTree = "<group>"; };
		D205B8942C2BF1E2002144D9 /* ContentView.swift */ = {isa = PBXFileReference; lastKnownFileType = sourcecode.swift; path = ContentView.swift; sourceTree = "<group>"; };
		D205B8962C2BF1E6002144D9 /* Assets.xcassets */ = {isa = PBXFileReference; lastKnownFileType = folder.assetcatalog; path = Assets.xcassets; sourceTree = "<group>"; };
		D205B8992C2BF1E6002144D9 /* Preview Assets.xcassets */ = {isa = PBXFileReference; lastKnownFileType = folder.assetcatalog; path = "Preview Assets.xcassets"; sourceTree = "<group>"; };
		D2484D2B2C2CA1FA00BC2033 /* InfoUserData.swift */ = {isa = PBXFileReference; lastKnownFileType = sourcecode.swift; path = InfoUserData.swift; sourceTree = "<group>"; };
		D2484D2D2C2CA45100BC2033 /* IconUserData.swift */ = {isa = PBXFileReference; lastKnownFileType = sourcecode.swift; path = IconUserData.swift; sourceTree = "<group>"; };
		D2484D2F2C2CA5B900BC2033 /* ImageUserData.swift */ = {isa = PBXFileReference; lastKnownFileType = sourcecode.swift; path = ImageUserData.swift; sourceTree = "<group>"; };
		D2484D312C2CA61000BC2033 /* BioUserData.swift */ = {isa = PBXFileReference; lastKnownFileType = sourcecode.swift; path = BioUserData.swift; sourceTree = "<group>"; };
		D2484D332C2CAA7100BC2033 /* FollowUserButton.swift */ = {isa = PBXFileReference; lastKnownFileType = sourcecode.swift; path = FollowUserButton.swift; sourceTree = "<group>"; };
		D2484D352C2CAB2500BC2033 /* AboutUserData.swift */ = {isa = PBXFileReference; lastKnownFileType = sourcecode.swift; path = AboutUserData.swift; sourceTree = "<group>"; };
/* End PBXFileReference section */

/* Begin PBXFrameworksBuildPhase section */
		D205B88C2C2BF1E2002144D9 /* Frameworks */ = {
			isa = PBXFrameworksBuildPhase;
			buildActionMask = 2147483647;
			files = (
			);
			runOnlyForDeploymentPostprocessing = 0;
		};
/* End PBXFrameworksBuildPhase section */

/* Begin PBXGroup section */
		D205B8862C2BF1E2002144D9 = {
			isa = PBXGroup;
			children = (
				D205B8912C2BF1E2002144D9 /* socialmedia */,
				D205B8902C2BF1E2002144D9 /* Products */,
			);
			sourceTree = "<group>";
		};
		D205B8902C2BF1E2002144D9 /* Products */ = {
			isa = PBXGroup;
			children = (
				D205B88F2C2BF1E2002144D9 /* socialmedia.app */,
			);
			name = Products;
			sourceTree = "<group>";
		};
		D205B8912C2BF1E2002144D9 /* socialmedia */ = {
			isa = PBXGroup;
			children = (
				D2484D2A2C2CA1DE00BC2033 /* Components */,
				D205B8922C2BF1E2002144D9 /* socialmediaApp.swift */,
				D205B8942C2BF1E2002144D9 /* ContentView.swift */,
				D205B8962C2BF1E6002144D9 /* Assets.xcassets */,
				D205B8982C2BF1E6002144D9 /* Preview Content */,
			);
			path = socialmedia;
			sourceTree = "<group>";
		};
		D205B8982C2BF1E6002144D9 /* Preview Content */ = {
			isa = PBXGroup;
			children = (
				D205B8992C2BF1E6002144D9 /* Preview Assets.xcassets */,
			);
			path = "Preview Content";
			sourceTree = "<group>";
		};
		D2484D2A2C2CA1DE00BC2033 /* Components */ = {
			isa = PBXGroup;
			children = (
				D2484D2B2C2CA1FA00BC2033 /* InfoUserData.swift */,
				D2484D2D2C2CA45100BC2033 /* IconUserData.swift */,
				D2484D2F2C2CA5B900BC2033 /* ImageUserData.swift */,
				D2484D312C2CA61000BC2033 /* BioUserData.swift */,
				D2484D332C2CAA7100BC2033 /* FollowUserButton.swift */,
				D2484D352C2CAB2500BC2033 /* AboutUserData.swift */,
			);
			path = Components;
			sourceTree = "<group>";
		};
/* End PBXGroup section */

/* Begin PBXNativeTarget section */
		D205B88E2C2BF1E2002144D9 /* socialmedia */ = {
			isa = PBXNativeTarget;
			buildConfigurationList = D205B89D2C2BF1E6002144D9 /* Build configuration list for PBXNativeTarget "socialmedia" */;
			buildPhases = (
				D205B88B2C2BF1E2002144D9 /* Sources */,
				D205B88C2C2BF1E2002144D9 /* Frameworks */,
				D205B88D2C2BF1E2002144D9 /* Resources */,
			);
			buildRules = (
			);
			dependencies = (
			);
			name = socialmedia;
			productName = socialmedia;
			productReference = D205B88F2C2BF1E2002144D9 /* socialmedia.app */;
			productType = "com.apple.product-type.application";
		};
/* End PBXNativeTarget section */

/* Begin PBXProject section */
		D205B8872C2BF1E2002144D9 /* Project object */ = {
			isa = PBXProject;
			attributes = {
				BuildIndependentTargetsInParallel = 1;
				LastSwiftUpdateCheck = 1540;
				LastUpgradeCheck = 1540;
				TargetAttributes = {
					D205B88E2C2BF1E2002144D9 = {
						CreatedOnToolsVersion = 15.4;
					};
				};
			};
			buildConfigurationList = D205B88A2C2BF1E2002144D9 /* Build configuration list for PBXProject "socialmedia" */;
			compatibilityVersion = "Xcode 14.0";
			developmentRegion = en;
			hasScannedForEncodings = 0;
			knownRegions = (
				en,
				Base,
			);
			mainGroup = D205B8862C2BF1E2002144D9;
			productRefGroup = D205B8902C2BF1E2002144D9 /* Products */;
			projectDirPath = "";
			projectRoot = "";
			targets = (
				D205B88E2C2BF1E2002144D9 /* socialmedia */,
			);
		};
/* End PBXProject section */

/* Begin PBXResourcesBuildPhase section */
		D205B88D2C2BF1E2002144D9 /* Resources */ = {
			isa = PBXResourcesBuildPhase;
			buildActionMask = 2147483647;
			files = (
				D205B89A2C2BF1E6002144D9 /* Preview Assets.xcassets in Resources */,
				D205B8972C2BF1E6002144D9 /* Assets.xcassets in Resources */,
			);
			runOnlyForDeploymentPostprocessing = 0;
		};
/* End PBXResourcesBuildPhase section */

/* Begin PBXSourcesBuildPhase section */
		D205B88B2C2BF1E2002144D9 /* Sources */ = {
			isa = PBXSourcesBuildPhase;
			buildActionMask = 2147483647;
			files = (
				D2484D302C2CA5B900BC2033 /* ImageUserData.swift in Sources */,
				D2484D322C2CA61000BC2033 /* BioUserData.swift in Sources */,
				D2484D362C2CAB2500BC2033 /* AboutUserData.swift in Sources */,
				D205B8952C2BF1E2002144D9 /* ContentView.swift in Sources */,
				D2484D342C2CAA7100BC2033 /* FollowUserButton.swift in Sources */,
				D205B8932C2BF1E2002144D9 /* socialmediaApp.swift in Sources */,
				D2484D2C2C2CA1FA00BC2033 /* InfoUserData.swift in Sources */,
				D2484D2E2C2CA45100BC2033 /* IconUserData.swift in Sources */,
			);
			runOnlyForDeploymentPostprocessing = 0;
		};
/* End PBXSourcesBuildPhase section */

/* Begin XCBuildConfiguration section */
		D205B89B2C2BF1E6002144D9 /* Debug */ = {
			isa = XCBuildConfiguration;
			buildSettings = {
				ALWAYS_SEARCH_USER_PATHS = NO;
				ASSETCATALOG_COMPILER_GENERATE_SWIFT_ASSET_SYMBOL_EXTENSIONS = YES;
				CLANG_ANALYZER_NONNULL = YES;
				CLANG_ANALYZER_NUMBER_OBJECT_CONVERSION = YES_AGGRESSIVE;
				CLANG_CXX_LANGUAGE_STANDARD = "gnu++20";
				CLANG_ENABLE_MODULES = YES;
				CLANG_ENABLE_OBJC_ARC = YES;
				CLANG_ENABLE_OBJC_WEAK = YES;
				CLANG_WARN_BLOCK_CAPTURE_AUTORELEASING = YES;
				CLANG_WARN_BOOL_CONVERSION = YES;
				CLANG_WARN_COMMA = YES;
				CLANG_WARN_CONSTANT_CONVERSION = YES;
				CLANG_WARN_DEPRECATED_OBJC_IMPLEMENTATIONS = YES;
				CLANG_WARN_DIRECT_OBJC_ISA_USAGE = YES_ERROR;
				CLANG_WARN_DOCUMENTATION_COMMENTS = YES;
				CLANG_WARN_EMPTY_BODY = YES;
				CLANG_WARN_ENUM_CONVERSION = YES;
				CLANG_WARN_INFINITE_RECURSION = YES;
				CLANG_WARN_INT_CONVERSION = YES;
				CLANG_WARN_NON_LITERAL_NULL_CONVERSION = YES;
				CLANG_WARN_OBJC_IMPLICIT_RETAIN_SELF = YES;
				CLANG_WARN_OBJC_LITERAL_CONVERSION = YES;
				CLANG_WARN_OBJC_ROOT_CLASS = YES_ERROR;
				CLANG_WARN_QUOTED_INCLUDE_IN_FRAMEWORK_HEADER = YES;
				CLANG_WARN_RANGE_LOOP_ANALYSIS = YES;
				CLANG_WARN_STRICT_PROTOTYPES = YES;
				CLANG_WARN_SUSPICIOUS_MOVE = YES;
				CLANG_WARN_UNGUARDED_AVAILABILITY = YES_AGGRESSIVE;
				CLANG_WARN_UNREACHABLE_CODE = YES;
				CLANG_WARN__DUPLICATE_METHOD_MATCH = YES;
				COPY_PHASE_STRIP = NO;
				DEBUG_INFORMATION_FORMAT = dwarf;
				ENABLE_STRICT_OBJC_MSGSEND = YES;
				ENABLE_TESTABILITY = YES;
				ENABLE_USER_SCRIPT_SANDBOXING = YES;
				GCC_C_LANGUAGE_STANDARD = gnu17;
				GCC_DYNAMIC_NO_PIC = NO;
				GCC_NO_COMMON_BLOCKS = YES;
				GCC_OPTIMIZATION_LEVEL = 0;
				GCC_PREPROCESSOR_DEFINITIONS = (
					"DEBUG=1",
					"$(inherited)",
				);
				GCC_WARN_64_TO_32_BIT_CONVERSION = YES;
				GCC_WARN_ABOUT_RETURN_TYPE = YES_ERROR;
				GCC_WARN_UNDECLARED_SELECTOR = YES;
				GCC_WARN_UNINITIALIZED_AUTOS = YES_AGGRESSIVE;
				GCC_WARN_UNUSED_FUNCTION = YES;
				GCC_WARN_UNUSED_VARIABLE = YES;
				IPHONEOS_DEPLOYMENT_TARGET = 17.5;
				LOCALIZATION_PREFERS_STRING_CATALOGS = YES;
				MTL_ENABLE_DEBUG_INFO = INCLUDE_SOURCE;
				MTL_FAST_MATH = YES;
				ONLY_ACTIVE_ARCH = YES;
				SDKROOT = iphoneos;
				SWIFT_ACTIVE_COMPILATION_CONDITIONS = "DEBUG $(inherited)";
				SWIFT_OPTIMIZATION_LEVEL = "-Onone";
			};
			name = Debug;
		};
		D205B89C2C2BF1E6002144D9 /* Release */ = {
			isa = XCBuildConfiguration;
			buildSettings = {
				ALWAYS_SEARCH_USER_PATHS = NO;
				ASSETCATALOG_COMPILER_GENERATE_SWIFT_ASSET_SYMBOL_EXTENSIONS = YES;
				CLANG_ANALYZER_NONNULL = YES;
				CLANG_ANALYZER_NUMBER_OBJECT_CONVERSION = YES_AGGRESSIVE;
				CLANG_CXX_LANGUAGE_STANDARD = "gnu++20";
				CLANG_ENABLE_MODULES = YES;
				CLANG_ENABLE_OBJC_ARC = YES;
				CLANG_ENABLE_OBJC_WEAK = YES;
				CLANG_WARN_BLOCK_CAPTURE_AUTORELEASING = YES;
				CLANG_WARN_BOOL_CONVERSION = YES;
				CLANG_WARN_COMMA = YES;
				CLANG_WARN_CONSTANT_CONVERSION = YES;
				CLANG_WARN_DEPRECATED_OBJC_IMPLEMENTATIONS = YES;
				CLANG_WARN_DIRECT_OBJC_ISA_USAGE = YES_ERROR;
				CLANG_WARN_DOCUMENTATION_COMMENTS = YES;
				CLANG_WARN_EMPTY_BODY = YES;
				CLANG_WARN_ENUM_CONVERSION = YES;
				CLANG_WARN_INFINITE_RECURSION = YES;
				CLANG_WARN_INT_CONVERSION = YES;
				CLANG_WARN_NON_LITERAL_NULL_CONVERSION = YES;
				CLANG_WARN_OBJC_IMPLICIT_RETAIN_SELF = YES;
				CLANG_WARN_OBJC_LITERAL_CONVERSION = YES;
				CLANG_WARN_OBJC_ROOT_CLASS = YES_ERROR;
				CLANG_WARN_QUOTED_INCLUDE_IN_FRAMEWORK_HEADER = YES;
				CLANG_WARN_RANGE_LOOP_ANALYSIS = YES;
				CLANG_WARN_STRICT_PROTOTYPES = YES;
				CLANG_WARN_SUSPICIOUS_MOVE = YES;
				CLANG_WARN_UNGUARDED_AVAILABILITY = YES_AGGRESSIVE;
				CLANG_WARN_UNREACHABLE_CODE = YES;
				CLANG_WARN__DUPLICATE_METHOD_MATCH = YES;
				COPY_PHASE_STRIP = NO;
				DEBUG_INFORMATION_FORMAT = "dwarf-with-dsym";
				ENABLE_NS_ASSERTIONS = NO;
				ENABLE_STRICT_OBJC_MSGSEND = YES;
				ENABLE_USER_SCRIPT_SANDBOXING = YES;
				GCC_C_LANGUAGE_STANDARD = gnu17;
				GCC_NO_COMMON_BLOCKS = YES;
				GCC_WARN_64_TO_32_BIT_CONVERSION = YES;
				GCC_WARN_ABOUT_RETURN_TYPE = YES_ERROR;
				GCC_WARN_UNDECLARED_SELECTOR = YES;
				GCC_WARN_UNINITIALIZED_AUTOS = YES_AGGRESSIVE;
				GCC_WARN_UNUSED_FUNCTION = YES;
				GCC_WARN_UNUSED_VARIABLE = YES;
				IPHONEOS_DEPLOYMENT_TARGET = 17.5;
				LOCALIZATION_PREFERS_STRING_CATALOGS = YES;
				MTL_ENABLE_DEBUG_INFO = NO;
				MTL_FAST_MATH = YES;
				SDKROOT = iphoneos;
				SWIFT_COMPILATION_MODE = wholemodule;
				VALIDATE_PRODUCT = YES;
			};
			name = Release;
		};
		D205B89E2C2BF1E6002144D9 /* Debug */ = {
			isa = XCBuildConfiguration;
			buildSettings = {
				ASSETCATALOG_COMPILER_APPICON_NAME = AppIcon;
				ASSETCATALOG_COMPILER_GLOBAL_ACCENT_COLOR_NAME = AccentColor;
				CODE_SIGN_STYLE = Automatic;
				CURRENT_PROJECT_VERSION = 1;
				DEVELOPMENT_ASSET_PATHS = "\"socialmedia/Preview Content\"";
				DEVELOPMENT_TEAM = T64W6M4848;
				ENABLE_PREVIEWS = YES;
				GENERATE_INFOPLIST_FILE = YES;
				INFOPLIST_KEY_UIApplicationSceneManifest_Generation = YES;
				INFOPLIST_KEY_UIApplicationSupportsIndirectInputEvents = YES;
				INFOPLIST_KEY_UILaunchScreen_Generation = YES;
				INFOPLIST_KEY_UISupportedInterfaceOrientations_iPad = "UIInterfaceOrientationPortrait UIInterfaceOrientationPortraitUpsideDown UIInterfaceOrientationLandscapeLeft UIInterfaceOrientationLandscapeRight";
				INFOPLIST_KEY_UISupportedInterfaceOrientations_iPhone = "UIInterfaceOrientationPortrait UIInterfaceOrientationLandscapeLeft UIInterfaceOrientationLandscapeRight";
				LD_RUNPATH_SEARCH_PATHS = (
					"$(inherited)",
					"@executable_path/Frameworks",
				);
				MARKETING_VERSION = 1.0;
				PRODUCT_BUNDLE_IDENTIFIER = com.frangel.socialmedia;
				PRODUCT_NAME = "$(TARGET_NAME)";
				SWIFT_EMIT_LOC_STRINGS = YES;
				SWIFT_VERSION = 5.0;
				TARGETED_DEVICE_FAMILY = "1,2";
			};
			name = Debug;
		};
		D205B89F2C2BF1E6002144D9 /* Release */ = {
			isa = XCBuildConfiguration;
			buildSettings = {
				ASSETCATALOG_COMPILER_APPICON_NAME = AppIcon;
				ASSETCATALOG_COMPILER_GLOBAL_ACCENT_COLOR_NAME = AccentColor;
				CODE_SIGN_STYLE = Automatic;
				CURRENT_PROJECT_VERSION = 1;
				DEVELOPMENT_ASSET_PATHS = "\"socialmedia/Preview Content\"";
				DEVELOPMENT_TEAM = T64W6M4848;
				ENABLE_PREVIEWS = YES;
				GENERATE_INFOPLIST_FILE = YES;
				INFOPLIST_KEY_UIApplicationSceneManifest_Generation = YES;
				INFOPLIST_KEY_UIApplicationSupportsIndirectInputEvents = YES;
				INFOPLIST_KEY_UILaunchScreen_Generation = YES;
				INFOPLIST_KEY_UISupportedInterfaceOrientations_iPad = "UIInterfaceOrientationPortrait UIInterfaceOrientationPortraitUpsideDown UIInterfaceOrientationLandscapeLeft UIInterfaceOrientationLandscapeRight";
				INFOPLIST_KEY_UISupportedInterfaceOrientations_iPhone = "UIInterfaceOrientationPortrait UIInterfaceOrientationLandscapeLeft UIInterfaceOrientationLandscapeRight";
				LD_RUNPATH_SEARCH_PATHS = (
					"$(inherited)",
					"@executable_path/Frameworks",
				);
				MARKETING_VERSION = 1.0;
				PRODUCT_BUNDLE_IDENTIFIER = com.frangel.socialmedia;
				PRODUCT_NAME = "$(TARGET_NAME)";
				SWIFT_EMIT_LOC_STRINGS = YES;
				SWIFT_VERSION = 5.0;
				TARGETED_DEVICE_FAMILY = "1,2";
			};
			name = Release;
		};
/* End XCBuildConfiguration section */

/* Begin XCConfigurationList section */
		D205B88A2C2BF1E2002144D9 /* Build configuration list for PBXProject "socialmedia" */ = {
			isa = XCConfigurationList;
			buildConfigurations = (
				D205B89B2C2BF1E6002144D9 /* Debug */,
				D205B89C2C2BF1E6002144D9 /* Release */,
			);
			defaultConfigurationIsVisible = 0;
			defaultConfigurationName = Release;
		};
		D205B89D2C2BF1E6002144D9 /* Build configuration list for PBXNativeTarget "socialmedia" */ = {
			isa = XCConfigurationList;
			buildConfigurations = (
				D205B89E2C2BF1E6002144D9 /* Debug */,
				D205B89F2C2BF1E6002144D9 /* Release */,
			);
			defaultConfigurationIsVisible = 0;
			defaultConfigurationName = Release;
		};
/* End XCConfigurationList section */
	};
	rootObject = D205B8872C2BF1E2002144D9 /* Project object */;
}
